
Microsoft Visual Studio Solution File, Format Version 12.00
# Visual Studio Version 17
VisualStudioVersion = 17.8.34309.116
MinimumVisualStudioVersion = 10.0.40219.1
Project("{FAE04EC0-301F-11D3-BF4B-00C04F79EFBC}") = "eCommerce.API", "eCommerce.API\eCommerce.API.csproj", "{AFA650C0-04D4-4433-8C39-7BBDF37FE858}"
EndProject
Project("{FAE04EC0-301F-11D3-BF4B-00C04F79EFBC}") = "eCommerce.Models", "eCommerce.Models\eCommerce.Models.csproj", "{0821F384-9015-4E16-9951-8CD91FC7D9E9}"
EndProject
Global
	GlobalSection(SolutionConfigurationPlatforms) = preSolution
		Debug|Any CPU = Debug|Any CPU
		Release|Any CPU = Release|Any CPU
	EndGlobalSection
	GlobalSection(ProjectConfigurationPlatforms) = postSolution
		{AFA650C0-04D4-4433-8C39-7BBDF37FE858}.Debug|Any CPU.ActiveCfg = Debug|Any CPU
		{AFA650C0-04D4-4433-8C39-7BBDF37FE858}.Debug|Any CPU.Build.0 = Debug|Any CPU
		{AFA650C0-04D4-4433-8C39-7BBDF37FE858}.Release|Any CPU.ActiveCfg = Release|Any CPU
		{AFA650C0-04D4-4433-8C39-7BBDF37FE858}.Release|Any CPU.Build.0 = Release|Any CPU
		{0821F384-9015-4E16-9951-8CD91FC7D9E9}.Debug|Any CPU.ActiveCfg = Debug|Any CPU
		{0821F384-9015-4E16-9951-8CD91FC7D9E9}.Debug|Any CPU.Build.0 = Debug|Any CPU
		{0821F384-9015-4E16-9951-8CD91FC7D9E9}.Release|Any CPU.ActiveCfg = Release|Any CPU
		{0821F384-9015-4E16-9951-8CD91FC7D9E9}.Release|Any CPU.Build.0 = Release|Any CPU
	EndGlobalSection
	GlobalSection(SolutionProperties) = preSolution
		HideSolutionNode = FALSE
	EndGlobalSection
	GlobalSection(ExtensibilityGlobals) = postSolution
		SolutionGuid = {D8ED6678-B360-4EC1-BB06-D7847920B300}
	EndGlobalSection
EndGlobal
